
Microsoft Visual Studio Solution File, Format Version 12.00
# Visual Studio Version 17
VisualStudioVersion = 17.9.34728.123
MinimumVisualStudioVersion = 10.0.40219.1
Project("{FAE04EC0-301F-11D3-BF4B-00C04F79EFBC}") = "chess-console", "chess-console\chess-console.csproj", "{77A4C5DF-BB1E-4041-B930-39150EC10D01}"
EndProject
Global
	GlobalSection(SolutionConfigurationPlatforms) = preSolution
		Debug|Any CPU = Debug|Any CPU
		Release|Any CPU = Release|Any CPU
	EndGlobalSection
	GlobalSection(ProjectConfigurationPlatforms) = postSolution
		{77A4C5DF-BB1E-4041-B930-39150EC10D01}.Debug|Any CPU.ActiveCfg = Debug|Any CPU
		{77A4C5DF-BB1E-4041-B930-39150EC10D01}.Debug|Any CPU.Build.0 = Debug|Any CPU
		{77A4C5DF-BB1E-4041-B930-39150EC10D01}.Release|Any CPU.ActiveCfg = Release|Any CPU
		{77A4C5DF-BB1E-4041-B930-39150EC10D01}.Release|Any CPU.Build.0 = Release|Any CPU
	EndGlobalSection
	GlobalSection(SolutionProperties) = preSolution
		HideSolutionNode = FALSE
	EndGlobalSection
	GlobalSection(ExtensibilityGlobals) = postSolution
		SolutionGuid = {4BD47681-97FA-450E-AC60-FA5ECA687F29}
	EndGlobalSection
EndGlobal
